
Microsoft Visual Studio Solution File, Format Version 12.00
# Visual Studio Version 17
VisualStudioVersion = 17.4.33213.308
MinimumVisualStudioVersion = 10.0.40219.1
Project("{9A19103F-16F7-4668-BE54-9A1E7A4F7556}") = "01_CH_TaskManager", "TaskManager\01_CH_TaskManager.csproj", "{2BE0D9FE-D6FE-41EC-AAD7-51B7325A4A76}"
EndProject
Project("{9A19103F-16F7-4668-BE54-9A1E7A4F7556}") = "02_C_Threads", "Threads\02_C_Threads.csproj", "{F1A0216B-2A1F-4AD0-840F-84FEE7D67780}"
EndProject
Project("{9A19103F-16F7-4668-BE54-9A1E7A4F7556}") = "03_C_Interlocked_Monitor", "03_C_Interlocked_Monitor\03_C_Interlocked_Monitor.csproj", "{26573F56-C100-4977-8492-9D3BB462EFCB}"
EndProject
Project("{9A19103F-16F7-4668-BE54-9A1E7A4F7556}") = "04_C_ThreadsSync2", "04_C_ThreadsSync2\04_C_ThreadsSync2.csproj", "{A8B4B246-BA87-43B6-82B9-AAF022716FDC}"
EndProject
Project("{FAE04EC0-301F-11D3-BF4B-00C04F79EFBC}") = "05_C_Tasks", "05_C_Tasks\05_C_Tasks.csproj", "{B323E36A-E74F-429C-92E2-CFFEE8C1EBBB}"
EndProject
Global
	GlobalSection(SolutionConfigurationPlatforms) = preSolution
		Debug|Any CPU = Debug|Any CPU
		Release|Any CPU = Release|Any CPU
	EndGlobalSection
	GlobalSection(ProjectConfigurationPlatforms) = postSolution
		{2BE0D9FE-D6FE-41EC-AAD7-51B7325A4A76}.Debug|Any CPU.ActiveCfg = Debug|Any CPU
		{2BE0D9FE-D6FE-41EC-AAD7-51B7325A4A76}.Debug|Any CPU.Build.0 = Debug|Any CPU
		{2BE0D9FE-D6FE-41EC-AAD7-51B7325A4A76}.Release|Any CPU.ActiveCfg = Release|Any CPU
		{2BE0D9FE-D6FE-41EC-AAD7-51B7325A4A76}.Release|Any CPU.Build.0 = Release|Any CPU
		{F1A0216B-2A1F-4AD0-840F-84FEE7D67780}.Debug|Any CPU.ActiveCfg = Debug|Any CPU
		{F1A0216B-2A1F-4AD0-840F-84FEE7D67780}.Debug|Any CPU.Build.0 = Debug|Any CPU
		{F1A0216B-2A1F-4AD0-840F-84FEE7D67780}.Release|Any CPU.ActiveCfg = Release|Any CPU
		{F1A0216B-2A1F-4AD0-840F-84FEE7D67780}.Release|Any CPU.Build.0 = Release|Any CPU
		{26573F56-C100-4977-8492-9D3BB462EFCB}.Debug|Any CPU.ActiveCfg = Debug|Any CPU
		{26573F56-C100-4977-8492-9D3BB462EFCB}.Debug|Any CPU.Build.0 = Debug|Any CPU
		{26573F56-C100-4977-8492-9D3BB462EFCB}.Release|Any CPU.ActiveCfg = Release|Any CPU
		{26573F56-C100-4977-8492-9D3BB462EFCB}.Release|Any CPU.Build.0 = Release|Any CPU
		{A8B4B246-BA87-43B6-82B9-AAF022716FDC}.Debug|Any CPU.ActiveCfg = Debug|Any CPU
		{A8B4B246-BA87-43B6-82B9-AAF022716FDC}.Debug|Any CPU.Build.0 = Debug|Any CPU
		{A8B4B246-BA87-43B6-82B9-AAF022716FDC}.Release|Any CPU.ActiveCfg = Release|Any CPU
		{A8B4B246-BA87-43B6-82B9-AAF022716FDC}.Release|Any CPU.Build.0 = Release|Any CPU
		{B323E36A-E74F-429C-92E2-CFFEE8C1EBBB}.Debug|Any CPU.ActiveCfg = Debug|Any CPU
		{B323E36A-E74F-429C-92E2-CFFEE8C1EBBB}.Debug|Any CPU.Build.0 = Debug|Any CPU
		{B323E36A-E74F-429C-92E2-CFFEE8C1EBBB}.Release|Any CPU.ActiveCfg = Release|Any CPU
		{B323E36A-E74F-429C-92E2-CFFEE8C1EBBB}.Release|Any CPU.Build.0 = Release|Any CPU
	EndGlobalSection
	GlobalSection(SolutionProperties) = preSolution
		HideSolutionNode = FALSE
	EndGlobalSection
	GlobalSection(ExtensibilityGlobals) = postSolution
		SolutionGuid = {9B08C281-5518-47C7-9C04-4FF0DE381CB3}
	EndGlobalSection
EndGlobal
